{
  "nodes": {
    "nixpkgs": {
      "locked": {
        "lastModified": 1715542476,
        "narHash": "sha256-FF593AtlzQqa8JpzrXyRws4CeKbc5W86o8tHt4nRfIg=",
        "rev": "44072e24566c5bcc0b7aa9178a0104f4cfffab19",
        "revCount": 558455,
        "type": "tarball",
        "url": "https://api.flakehub.com/f/pinned/NixOS/nixpkgs/0.2311.558455%2Brev-44072e24566c5bcc0b7aa9178a0104f4cfffab19/018f72a2-9946-7bf4-ad20-02043fbc170b/source.tar.gz"
      },
      "original": {
        "type": "tarball",
        "url": "https://flakehub.com/f/NixOS/nixpkgs/%2A"
      }
    },
    "root": {
      "inputs": {
        "nixpkgs": "nixpkgs"
      }
    }
  },
  "root": "root",
  "version": 7
}
